[[package]]
name = "ansi_term"
version = "0.9.0"
source = "registry+https://github.com/rust-lang/crates.io-index"

[[package]]
name = "atty"
version = "0.2.2"
source = "registry+https://github.com/rust-lang/crates.io-index"
dependencies = [
 "kernel32-sys 0.2.2 (registry+https://github.com/rust-lang/crates.io-index)",
 "libc 0.2.23 (registry+https://github.com/rust-lang/crates.io-index)",
 "winapi 0.2.8 (registry+https://github.com/rust-lang/crates.io-index)",
]

[[package]]
name = "base64"
version = "0.5.2"
source = "registry+https://github.com/rust-lang/crates.io-index"
dependencies = [
 "byteorder 1.0.0 (registry+https://github.com/rust-lang/crates.io-index)",
]

[[package]]
name = "bitflags"
version = "0.8.2"
source = "registry+https://github.com/rust-lang/crates.io-index"

[[package]]
name = "bvh_order"
version = "0.1.0"

[[package]]
name = "byteorder"
version = "1.0.0"
source = "registry+https://github.com/rust-lang/crates.io-index"

[[package]]
name = "clap"
version = "2.24.2"
source = "registry+https://github.com/rust-lang/crates.io-index"
dependencies = [
 "ansi_term 0.9.0 (registry+https://github.com/rust-lang/crates.io-index)",
 "atty 0.2.2 (registry+https://github.com/rust-lang/crates.io-index)",
 "bitflags 0.8.2 (registry+https://github.com/rust-lang/crates.io-index)",
 "strsim 0.6.0 (registry+https://github.com/rust-lang/crates.io-index)",
 "term_size 0.3.0 (registry+https://github.com/rust-lang/crates.io-index)",
 "unicode-segmentation 1.2.0 (registry+https://github.com/rust-lang/crates.io-index)",
 "unicode-width 0.1.4 (registry+https://github.com/rust-lang/crates.io-index)",
 "vec_map 0.8.0 (registry+https://github.com/rust-lang/crates.io-index)",
]

[[package]]
name = "color"
version = "0.1.0"

[[package]]
name = "crossbeam"
version = "0.2.10"
source = "registry+https://github.com/rust-lang/crates.io-index"

[[package]]
name = "float4"
version = "0.1.0"
dependencies = [
 "simd 0.2.0 (registry+https://github.com/rust-lang/crates.io-index)",
]

[[package]]
name = "gcc"
version = "0.3.50"
source = "registry+https://github.com/rust-lang/crates.io-index"

[[package]]
name = "half"
version = "1.0.0"
source = "registry+https://github.com/rust-lang/crates.io-index"

[[package]]
name = "halton"
version = "0.1.0"

[[package]]
name = "kernel32-sys"
version = "0.2.2"
source = "registry+https://github.com/rust-lang/crates.io-index"
dependencies = [
 "winapi 0.2.8 (registry+https://github.com/rust-lang/crates.io-index)",
 "winapi-build 0.1.1 (registry+https://github.com/rust-lang/crates.io-index)",
]

[[package]]
name = "lazy_static"
version = "0.2.8"
source = "registry+https://github.com/rust-lang/crates.io-index"

[[package]]
name = "libc"
version = "0.2.23"
source = "registry+https://github.com/rust-lang/crates.io-index"

[[package]]
name = "math3d"
version = "0.1.0"
dependencies = [
 "float4 0.1.0",
]

[[package]]
name = "mem_arena"
version = "0.1.0"

[[package]]
name = "nom"
version = "1.2.4"
source = "registry+https://github.com/rust-lang/crates.io-index"

[[package]]
name = "num_cpus"
version = "1.5.1"
source = "registry+https://github.com/rust-lang/crates.io-index"
dependencies = [
 "libc 0.2.23 (registry+https://github.com/rust-lang/crates.io-index)",
]

[[package]]
name = "openexr"
version = "0.5.0"
source = "registry+https://github.com/rust-lang/crates.io-index"
dependencies = [
 "half 1.0.0 (registry+https://github.com/rust-lang/crates.io-index)",
 "libc 0.2.23 (registry+https://github.com/rust-lang/crates.io-index)",
 "openexr-sys 0.5.0 (registry+https://github.com/rust-lang/crates.io-index)",
]

[[package]]
name = "openexr-sys"
version = "0.5.0"
source = "registry+https://github.com/rust-lang/crates.io-index"
dependencies = [
 "gcc 0.3.50 (registry+https://github.com/rust-lang/crates.io-index)",
 "libc 0.2.23 (registry+https://github.com/rust-lang/crates.io-index)",
 "pkg-config 0.3.9 (registry+https://github.com/rust-lang/crates.io-index)",
]

[[package]]
name = "pkg-config"
version = "0.3.9"
source = "registry+https://github.com/rust-lang/crates.io-index"

[[package]]
name = "png_encode_mini"
version = "0.1.2"
source = "registry+https://github.com/rust-lang/crates.io-index"

[[package]]
name = "psychopath"
version = "0.1.0"
dependencies = [
 "base64 0.5.2 (registry+https://github.com/rust-lang/crates.io-index)",
 "bvh_order 0.1.0",
 "clap 2.24.2 (registry+https://github.com/rust-lang/crates.io-index)",
 "color 0.1.0",
 "crossbeam 0.2.10 (registry+https://github.com/rust-lang/crates.io-index)",
 "float4 0.1.0",
 "half 1.0.0 (registry+https://github.com/rust-lang/crates.io-index)",
 "halton 0.1.0",
 "lazy_static 0.2.8 (registry+https://github.com/rust-lang/crates.io-index)",
 "math3d 0.1.0",
 "mem_arena 0.1.0",
 "nom 1.2.4 (registry+https://github.com/rust-lang/crates.io-index)",
 "num_cpus 1.5.1 (registry+https://github.com/rust-lang/crates.io-index)",
 "openexr 0.5.0 (registry+https://github.com/rust-lang/crates.io-index)",
 "png_encode_mini 0.1.2 (registry+https://github.com/rust-lang/crates.io-index)",
 "rustc-serialize 0.3.24 (registry+https://github.com/rust-lang/crates.io-index)",
 "scoped_threadpool 0.1.7 (registry+https://github.com/rust-lang/crates.io-index)",
 "sobol 0.1.0",
 "spectra_xyz 0.1.0",
 "time 0.1.37 (registry+https://github.com/rust-lang/crates.io-index)",
]

[[package]]
name = "redox_syscall"
version = "0.1.18"
source = "registry+https://github.com/rust-lang/crates.io-index"

[[package]]
name = "rustc-serialize"
version = "0.3.24"
source = "registry+https://github.com/rust-lang/crates.io-index"

[[package]]
name = "scoped_threadpool"
version = "0.1.7"
source = "registry+https://github.com/rust-lang/crates.io-index"

[[package]]
name = "simd"
version = "0.2.0"
source = "registry+https://github.com/rust-lang/crates.io-index"

[[package]]
name = "sobol"
version = "0.1.0"

[[package]]
name = "spectra_xyz"
version = "0.1.0"

[[package]]
name = "strsim"
version = "0.6.0"
source = "registry+https://github.com/rust-lang/crates.io-index"

[[package]]
name = "term_size"
version = "0.3.0"
source = "registry+https://github.com/rust-lang/crates.io-index"
dependencies = [
 "kernel32-sys 0.2.2 (registry+https://github.com/rust-lang/crates.io-index)",
 "libc 0.2.23 (registry+https://github.com/rust-lang/crates.io-index)",
 "winapi 0.2.8 (registry+https://github.com/rust-lang/crates.io-index)",
]

[[package]]
name = "time"
version = "0.1.37"
source = "registry+https://github.com/rust-lang/crates.io-index"
dependencies = [
 "kernel32-sys 0.2.2 (registry+https://github.com/rust-lang/crates.io-index)",
 "libc 0.2.23 (registry+https://github.com/rust-lang/crates.io-index)",
 "redox_syscall 0.1.18 (registry+https://github.com/rust-lang/crates.io-index)",
 "winapi 0.2.8 (registry+https://github.com/rust-lang/crates.io-index)",
]

[[package]]
name = "unicode-segmentation"
version = "1.2.0"
source = "registry+https://github.com/rust-lang/crates.io-index"

[[package]]
name = "unicode-width"
version = "0.1.4"
source = "registry+https://github.com/rust-lang/crates.io-index"

[[package]]
name = "vec_map"
version = "0.8.0"
source = "registry+https://github.com/rust-lang/crates.io-index"

[[package]]
name = "winapi"
version = "0.2.8"
source = "registry+https://github.com/rust-lang/crates.io-index"

[[package]]
name = "winapi-build"
version = "0.1.1"
source = "registry+https://github.com/rust-lang/crates.io-index"

[metadata]
"checksum ansi_term 0.9.0 (registry+https://github.com/rust-lang/crates.io-index)" = "23ac7c30002a5accbf7e8987d0632fa6de155b7c3d39d0067317a391e00a2ef6"
"checksum atty 0.2.2 (registry+https://github.com/rust-lang/crates.io-index)" = "d912da0db7fa85514874458ca3651fe2cddace8d0b0505571dbdcd41ab490159"
"checksum base64 0.5.2 (registry+https://github.com/rust-lang/crates.io-index)" = "30e93c03064e7590d0466209155251b90c22e37fab1daf2771582598b5827557"
"checksum bitflags 0.8.2 (registry+https://github.com/rust-lang/crates.io-index)" = "1370e9fc2a6ae53aea8b7a5110edbd08836ed87c88736dfabccade1c2b44bff4"
"checksum byteorder 1.0.0 (registry+https://github.com/rust-lang/crates.io-index)" = "c40977b0ee6b9885c9013cd41d9feffdd22deb3bb4dc3a71d901cc7a77de18c8"
"checksum clap 2.24.2 (registry+https://github.com/rust-lang/crates.io-index)" = "6b8f69e518f967224e628896b54e41ff6acfb4dcfefc5076325c36525dac900f"
"checksum crossbeam 0.2.10 (registry+https://github.com/rust-lang/crates.io-index)" = "0c5ea215664ca264da8a9d9c3be80d2eaf30923c259d03e870388eb927508f97"
"checksum gcc 0.3.50 (registry+https://github.com/rust-lang/crates.io-index)" = "5f837c392f2ea61cb1576eac188653df828c861b7137d74ea4a5caa89621f9e6"
"checksum half 1.0.0 (registry+https://github.com/rust-lang/crates.io-index)" = "63d68db75012a85555434ee079e7e6337931f87a087ab2988becbadf64673a7f"
"checksum kernel32-sys 0.2.2 (registry+https://github.com/rust-lang/crates.io-index)" = "7507624b29483431c0ba2d82aece8ca6cdba9382bff4ddd0f7490560c056098d"
"checksum lazy_static 0.2.8 (registry+https://github.com/rust-lang/crates.io-index)" = "3b37545ab726dd833ec6420aaba8231c5b320814b9029ad585555d2a03e94fbf"
"checksum libc 0.2.23 (registry+https://github.com/rust-lang/crates.io-index)" = "e7eb6b826bfc1fdea7935d46556250d1799b7fe2d9f7951071f4291710665e3e"
"checksum nom 1.2.4 (registry+https://github.com/rust-lang/crates.io-index)" = "a5b8c256fd9471521bcb84c3cdba98921497f1a331cbc15b8030fc63b82050ce"
"checksum num_cpus 1.5.1 (registry+https://github.com/rust-lang/crates.io-index)" = "6e416ba127a4bb3ff398cb19546a8d0414f73352efe2857f4060d36f5fe5983a"
"checksum openexr 0.5.0 (registry+https://github.com/rust-lang/crates.io-index)" = "849a5af32d6b0716cf44a8b18c1b611b8448aec44a9b1c59b6199bf9d22aba94"
"checksum openexr-sys 0.5.0 (registry+https://github.com/rust-lang/crates.io-index)" = "d597730c7049d9098ce64bb97c6eb4e6f96fa55d5ced7eba74a01c224fe0bcc4"
"checksum pkg-config 0.3.9 (registry+https://github.com/rust-lang/crates.io-index)" = "3a8b4c6b8165cd1a1cd4b9b120978131389f64bdaf456435caa41e630edba903"
"checksum png_encode_mini 0.1.2 (registry+https://github.com/rust-lang/crates.io-index)" = "116ae962ea1a679f99915c2c53dc470b45aaf6b42e607580d16fce8c6248f666"
"checksum redox_syscall 0.1.18 (registry+https://github.com/rust-lang/crates.io-index)" = "3041aeb6000db123d2c9c751433f526e1f404b23213bd733167ab770c3989b4d"
"checksum rustc-serialize 0.3.24 (registry+https://github.com/rust-lang/crates.io-index)" = "dcf128d1287d2ea9d80910b5f1120d0b8eede3fbf1abe91c40d39ea7d51e6fda"
"checksum scoped_threadpool 0.1.7 (registry+https://github.com/rust-lang/crates.io-index)" = "3ef399c8893e8cb7aa9696e895427fab3a6bf265977bb96e126f24ddd2cda85a"
"checksum simd 0.2.0 (registry+https://github.com/rust-lang/crates.io-index)" = "7a94d14a2ae1f1f110937de5fb69e494372560181c7e1739a097fcc2cee37ba0"
"checksum strsim 0.6.0 (registry+https://github.com/rust-lang/crates.io-index)" = "b4d15c810519a91cf877e7e36e63fe068815c678181439f2f29e2562147c3694"
"checksum term_size 0.3.0 (registry+https://github.com/rust-lang/crates.io-index)" = "e2b6b55df3198cc93372e85dd2ed817f0e38ce8cc0f22eb32391bfad9c4bf209"
"checksum time 0.1.37 (registry+https://github.com/rust-lang/crates.io-index)" = "ffd7ccbf969a892bf83f1e441126968a07a3941c24ff522a26af9f9f4585d1a3"
"checksum unicode-segmentation 1.2.0 (registry+https://github.com/rust-lang/crates.io-index)" = "a8083c594e02b8ae1654ae26f0ade5158b119bd88ad0e8227a5d8fcd72407946"
"checksum unicode-width 0.1.4 (registry+https://github.com/rust-lang/crates.io-index)" = "bf3a113775714a22dcb774d8ea3655c53a32debae63a063acc00a91cc586245f"
"checksum vec_map 0.8.0 (registry+https://github.com/rust-lang/crates.io-index)" = "887b5b631c2ad01628bbbaa7dd4c869f80d3186688f8d0b6f58774fbe324988c"
"checksum winapi 0.2.8 (registry+https://github.com/rust-lang/crates.io-index)" = "167dc9d6949a9b857f3451275e911c3f44255842c1f7a76f33c55103a909087a"
"checksum winapi-build 0.1.1 (registry+https://github.com/rust-lang/crates.io-index)" = "2d315eee3b34aca4797b2da6b13ed88266e6d612562a0c46390af8299fc699bc"
